
Microsoft Visual Studio Solution File, Format Version 12.00
# Visual Studio Version 17
VisualStudioVersion = 17.6.33815.320
MinimumVisualStudioVersion = 10.0.40219.1
Project("{FAE04EC0-301F-11D3-BF4B-00C04F79EFBC}") = "RandomProguardObfDictionary", "RandomProguardObfDictionary\RandomProguardObfDictionary.csproj", "{29B6546B-5446-4B5F-B56F-2EAAD0F55012}"
EndProject
Global
	GlobalSection(SolutionConfigurationPlatforms) = preSolution
		Debug|Any CPU = Debug|Any CPU
		Release|Any CPU = Release|Any CPU
	EndGlobalSection
	GlobalSection(ProjectConfigurationPlatforms) = postSolution
		{29B6546B-5446-4B5F-B56F-2EAAD0F55012}.Debug|Any CPU.ActiveCfg = Debug|Any CPU
		{29B6546B-5446-4B5F-B56F-2EAAD0F55012}.Debug|Any CPU.Build.0 = Debug|Any CPU
		{29B6546B-5446-4B5F-B56F-2EAAD0F55012}.Release|Any CPU.ActiveCfg = Release|Any CPU
		{29B6546B-5446-4B5F-B56F-2EAAD0F55012}.Release|Any CPU.Build.0 = Release|Any CPU
	EndGlobalSection
	GlobalSection(SolutionProperties) = preSolution
		HideSolutionNode = FALSE
	EndGlobalSection
	GlobalSection(ExtensibilityGlobals) = postSolution
		SolutionGuid = {ED69B0BB-F363-4502-AD76-AE1E1EA8A9D8}
	EndGlobalSection
EndGlobal
